
Microsoft Visual Studio Solution File, Format Version 12.00
# Visual Studio 14
VisualStudioVersion = 14.0.25420.1
MinimumVisualStudioVersion = 10.0.40219.1
Project("{8BC9CEB8-8B4A-11D0-8D11-00A0C91BC942}") = "libglog_static", "win\libglog_static.vcxproj", "{772C2111-BBBF-49E6-B912-198A7F7A88E5}"
EndProject
Project("{2150E333-8FDC-42A3-9474-1A3956D46DE8}") = "Dependencies", "Dependencies", "{B7BF052D-7209-4CE2-8812-2F11448D31BE}"
EndProject
Project("{8BC9CEB8-8B4A-11D0-8D11-00A0C91BC942}") = "ceres", "win\ceres.vcxproj", "{FD1EA691-965A-49A9-83C7-530A9FE82B44}"
EndProject
Project("{2150E333-8FDC-42A3-9474-1A3956D46DE8}") = "Samples", "Samples", "{5102C15D-FB7B-4FE9-86BC-0C227886CEDE}"
EndProject
Project("{8BC9CEB8-8B4A-11D0-8D11-00A0C91BC942}") = "helloworld", "win\examples\helloworld.vcxproj", "{B9CD26A9-5FD0-4800-92A3-C73A8AE84386}"
EndProject
Project("{8BC9CEB8-8B4A-11D0-8D11-00A0C91BC942}") = "helloworld_static", "win\examples\helloworld_static.vcxproj", "{D8AEEBA6-7782-4347-B072-D764544B8AFF}"
EndProject
Project("{8BC9CEB8-8B4A-11D0-8D11-00A0C91BC942}") = "helloworld_analytic_diff", "win\examples\helloworld_analytic_diff.vcxproj", "{ADA52100-4425-488E-8829-E2DA52F6CC8E}"
EndProject
Project("{8BC9CEB8-8B4A-11D0-8D11-00A0C91BC942}") = "helloworld_numeric_diff", "win\examples\helloworld_numeric_diff.vcxproj", "{81D2AA55-BAFA-489F-91BC-CF3AF72EB3B0}"
EndProject
Project("{8BC9CEB8-8B4A-11D0-8D11-00A0C91BC942}") = "curve_fitting", "win\examples\curve_fitting.vcxproj", "{F25CC672-B37B-4B36-8130-84A78E86890A}"
EndProject
Project("{8BC9CEB8-8B4A-11D0-8D11-00A0C91BC942}") = "curve_fitting_c", "win\examples\curve_fitting_c.vcxproj", "{9D09FBBE-EA74-4744-A0B3-10B4A7488317}"
EndProject
Project("{8BC9CEB8-8B4A-11D0-8D11-00A0C91BC942}") = "ellipse_approximation", "win\examples\ellipse_approximation.vcxproj", "{F7A3208D-D4DD-4401-AD73-794BFEE2DD4E}"
EndProject
Project("{8BC9CEB8-8B4A-11D0-8D11-00A0C91BC942}") = "robust_curve_fitting", "win\examples\robust_curve_fitting.vcxproj", "{C7415F97-C18B-4E91-B9EF-EA81AA0EF5B2}"
EndProject
Project("{8BC9CEB8-8B4A-11D0-8D11-00A0C91BC942}") = "simple_bundle_adjuster", "win\examples\simple_bundle_adjuster.vcxproj", "{A149897F-D0BD-4C95-9532-D347EA1C16E3}"
EndProject
Project("{8BC9CEB8-8B4A-11D0-8D11-00A0C91BC942}") = "ceres_static", "win\ceres_static.vcxproj", "{6D587D16-154F-487D-A605-63F7F0DA106E}"
EndProject
Global
	GlobalSection(SolutionConfigurationPlatforms) = preSolution
		Debug|Win32 = Debug|Win32
		Debug|x64 = Debug|x64
		Release|Win32 = Release|Win32
		Release|x64 = Release|x64
	EndGlobalSection
	GlobalSection(ProjectConfigurationPlatforms) = postSolution
		{772C2111-BBBF-49E6-B912-198A7F7A88E5}.Debug|Win32.ActiveCfg = Debug|Win32
		{772C2111-BBBF-49E6-B912-198A7F7A88E5}.Debug|Win32.Build.0 = Debug|Win32
		{772C2111-BBBF-49E6-B912-198A7F7A88E5}.Debug|x64.ActiveCfg = Debug|x64
		{772C2111-BBBF-49E6-B912-198A7F7A88E5}.Debug|x64.Build.0 = Debug|x64
		{772C2111-BBBF-49E6-B912-198A7F7A88E5}.Release|Win32.ActiveCfg = Release|Win32
		{772C2111-BBBF-49E6-B912-198A7F7A88E5}.Release|Win32.Build.0 = Release|Win32
		{772C2111-BBBF-49E6-B912-198A7F7A88E5}.Release|x64.ActiveCfg = Release|x64
		{772C2111-BBBF-49E6-B912-198A7F7A88E5}.Release|x64.Build.0 = Release|x64
		{FD1EA691-965A-49A9-83C7-530A9FE82B44}.Debug|Win32.ActiveCfg = Debug|Win32
		{FD1EA691-965A-49A9-83C7-530A9FE82B44}.Debug|Win32.Build.0 = Debug|Win32
		{FD1EA691-965A-49A9-83C7-530A9FE82B44}.Debug|x64.ActiveCfg = Debug|x64
		{FD1EA691-965A-49A9-83C7-530A9FE82B44}.Debug|x64.Build.0 = Debug|x64
		{FD1EA691-965A-49A9-83C7-530A9FE82B44}.Release|Win32.ActiveCfg = Release|Win32
		{FD1EA691-965A-49A9-83C7-530A9FE82B44}.Release|Win32.Build.0 = Release|Win32
		{FD1EA691-965A-49A9-83C7-530A9FE82B44}.Release|x64.ActiveCfg = Release|x64
		{FD1EA691-965A-49A9-83C7-530A9FE82B44}.Release|x64.Build.0 = Release|x64
		{B9CD26A9-5FD0-4800-92A3-C73A8AE84386}.Debug|Win32.ActiveCfg = Debug|Win32
		{B9CD26A9-5FD0-4800-92A3-C73A8AE84386}.Debug|Win32.Build.0 = Debug|Win32
		{B9CD26A9-5FD0-4800-92A3-C73A8AE84386}.Debug|x64.ActiveCfg = Debug|x64
		{B9CD26A9-5FD0-4800-92A3-C73A8AE84386}.Debug|x64.Build.0 = Debug|x64
		{B9CD26A9-5FD0-4800-92A3-C73A8AE84386}.Release|Win32.ActiveCfg = Release|Win32
		{B9CD26A9-5FD0-4800-92A3-C73A8AE84386}.Release|Win32.Build.0 = Release|Win32
		{B9CD26A9-5FD0-4800-92A3-C73A8AE84386}.Release|x64.ActiveCfg = Release|x64
		{B9CD26A9-5FD0-4800-92A3-C73A8AE84386}.Release|x64.Build.0 = Release|x64
		{D8AEEBA6-7782-4347-B072-D764544B8AFF}.Debug|Win32.ActiveCfg = Debug|Win32
		{D8AEEBA6-7782-4347-B072-D764544B8AFF}.Debug|Win32.Build.0 = Debug|Win32
		{D8AEEBA6-7782-4347-B072-D764544B8AFF}.Debug|x64.ActiveCfg = Debug|x64
		{D8AEEBA6-7782-4347-B072-D764544B8AFF}.Debug|x64.Build.0 = Debug|x64
		{D8AEEBA6-7782-4347-B072-D764544B8AFF}.Release|Win32.ActiveCfg = Release|Win32
		{D8AEEBA6-7782-4347-B072-D764544B8AFF}.Release|Win32.Build.0 = Release|Win32
		{D8AEEBA6-7782-4347-B072-D764544B8AFF}.Release|x64.ActiveCfg = Release|x64
		{D8AEEBA6-7782-4347-B072-D764544B8AFF}.Release|x64.Build.0 = Release|x64
		{ADA52100-4425-488E-8829-E2DA52F6CC8E}.Debug|Win32.ActiveCfg = Debug|Win32
		{ADA52100-4425-488E-8829-E2DA52F6CC8E}.Debug|Win32.Build.0 = Debug|Win32
		{ADA52100-4425-488E-8829-E2DA52F6CC8E}.Debug|x64.ActiveCfg = Debug|x64
		{ADA52100-4425-488E-8829-E2DA52F6CC8E}.Debug|x64.Build.0 = Debug|x64
		{ADA52100-4425-488E-8829-E2DA52F6CC8E}.Release|Win32.ActiveCfg = Release|Win32
		{ADA52100-4425-488E-8829-E2DA52F6CC8E}.Release|Win32.Build.0 = Release|Win32
		{ADA52100-4425-488E-8829-E2DA52F6CC8E}.Release|x64.ActiveCfg = Release|x64
		{ADA52100-4425-488E-8829-E2DA52F6CC8E}.Release|x64.Build.0 = Release|x64
		{81D2AA55-BAFA-489F-91BC-CF3AF72EB3B0}.Debug|Win32.ActiveCfg = Debug|Win32
		{81D2AA55-BAFA-489F-91BC-CF3AF72EB3B0}.Debug|Win32.Build.0 = Debug|Win32
		{81D2AA55-BAFA-489F-91BC-CF3AF72EB3B0}.Debug|x64.ActiveCfg = Debug|x64
		{81D2AA55-BAFA-489F-91BC-CF3AF72EB3B0}.Debug|x64.Build.0 = Debug|x64
		{81D2AA55-BAFA-489F-91BC-CF3AF72EB3B0}.Release|Win32.ActiveCfg = Release|Win32
		{81D2AA55-BAFA-489F-91BC-CF3AF72EB3B0}.Release|Win32.Build.0 = Release|Win32
		{81D2AA55-BAFA-489F-91BC-CF3AF72EB3B0}.Release|x64.ActiveCfg = Release|x64
		{81D2AA55-BAFA-489F-91BC-CF3AF72EB3B0}.Release|x64.Build.0 = Release|x64
		{F25CC672-B37B-4B36-8130-84A78E86890A}.Debug|Win32.ActiveCfg = Debug|Win32
		{F25CC672-B37B-4B36-8130-84A78E86890A}.Debug|Win32.Build.0 = Debug|Win32
		{F25CC672-B37B-4B36-8130-84A78E86890A}.Debug|x64.ActiveCfg = Debug|x64
		{F25CC672-B37B-4B36-8130-84A78E86890A}.Debug|x64.Build.0 = Debug|x64
		{F25CC672-B37B-4B36-8130-84A78E86890A}.Release|Win32.ActiveCfg = Release|Win32
		{F25CC672-B37B-4B36-8130-84A78E86890A}.Release|Win32.Build.0 = Release|Win32
		{F25CC672-B37B-4B36-8130-84A78E86890A}.Release|x64.ActiveCfg = Release|x64
		{F25CC672-B37B-4B36-8130-84A78E86890A}.Release|x64.Build.0 = Release|x64
		{9D09FBBE-EA74-4744-A0B3-10B4A7488317}.Debug|Win32.ActiveCfg = Debug|Win32
		{9D09FBBE-EA74-4744-A0B3-10B4A7488317}.Debug|Win32.Build.0 = Debug|Win32
		{9D09FBBE-EA74-4744-A0B3-10B4A7488317}.Debug|x64.ActiveCfg = Debug|x64
		{9D09FBBE-EA74-4744-A0B3-10B4A7488317}.Debug|x64.Build.0 = Debug|x64
		{9D09FBBE-EA74-4744-A0B3-10B4A7488317}.Release|Win32.ActiveCfg = Release|Win32
		{9D09FBBE-EA74-4744-A0B3-10B4A7488317}.Release|Win32.Build.0 = Release|Win32
		{9D09FBBE-EA74-4744-A0B3-10B4A7488317}.Release|x64.ActiveCfg = Release|x64
		{9D09FBBE-EA74-4744-A0B3-10B4A7488317}.Release|x64.Build.0 = Release|x64
		{F7A3208D-D4DD-4401-AD73-794BFEE2DD4E}.Debug|Win32.ActiveCfg = Debug|Win32
		{F7A3208D-D4DD-4401-AD73-794BFEE2DD4E}.Debug|Win32.Build.0 = Debug|Win32
		{F7A3208D-D4DD-4401-AD73-794BFEE2DD4E}.Debug|x64.ActiveCfg = Debug|x64
		{F7A3208D-D4DD-4401-AD73-794BFEE2DD4E}.Debug|x64.Build.0 = Debug|x64
		{F7A3208D-D4DD-4401-AD73-794BFEE2DD4E}.Release|Win32.ActiveCfg = Release|Win32
		{F7A3208D-D4DD-4401-AD73-794BFEE2DD4E}.Release|Win32.Build.0 = Release|Win32
		{F7A3208D-D4DD-4401-AD73-794BFEE2DD4E}.Release|x64.ActiveCfg = Release|x64
		{F7A3208D-D4DD-4401-AD73-794BFEE2DD4E}.Release|x64.Build.0 = Release|x64
		{C7415F97-C18B-4E91-B9EF-EA81AA0EF5B2}.Debug|Win32.ActiveCfg = Debug|Win32
		{C7415F97-C18B-4E91-B9EF-EA81AA0EF5B2}.Debug|Win32.Build.0 = Debug|Win32
		{C7415F97-C18B-4E91-B9EF-EA81AA0EF5B2}.Debug|x64.ActiveCfg = Debug|x64
		{C7415F97-C18B-4E91-B9EF-EA81AA0EF5B2}.Debug|x64.Build.0 = Debug|x64
		{C7415F97-C18B-4E91-B9EF-EA81AA0EF5B2}.Release|Win32.ActiveCfg = Release|Win32
		{C7415F97-C18B-4E91-B9EF-EA81AA0EF5B2}.Release|Win32.Build.0 = Release|Win32
		{C7415F97-C18B-4E91-B9EF-EA81AA0EF5B2}.Release|x64.ActiveCfg = Release|x64
		{C7415F97-C18B-4E91-B9EF-EA81AA0EF5B2}.Release|x64.Build.0 = Release|x64
		{A149897F-D0BD-4C95-9532-D347EA1C16E3}.Debug|Win32.ActiveCfg = Debug|Win32
		{A149897F-D0BD-4C95-9532-D347EA1C16E3}.Debug|Win32.Build.0 = Debug|Win32
		{A149897F-D0BD-4C95-9532-D347EA1C16E3}.Debug|x64.ActiveCfg = Debug|x64
		{A149897F-D0BD-4C95-9532-D347EA1C16E3}.Debug|x64.Build.0 = Debug|x64
		{A149897F-D0BD-4C95-9532-D347EA1C16E3}.Release|Win32.ActiveCfg = Release|Win32
		{A149897F-D0BD-4C95-9532-D347EA1C16E3}.Release|Win32.Build.0 = Release|Win32
		{A149897F-D0BD-4C95-9532-D347EA1C16E3}.Release|x64.ActiveCfg = Release|x64
		{A149897F-D0BD-4C95-9532-D347EA1C16E3}.Release|x64.Build.0 = Release|x64
		{6D587D16-154F-487D-A605-63F7F0DA106E}.Debug|Win32.ActiveCfg = Debug|Win32
		{6D587D16-154F-487D-A605-63F7F0DA106E}.Debug|Win32.Build.0 = Debug|Win32
		{6D587D16-154F-487D-A605-63F7F0DA106E}.Debug|x64.ActiveCfg = Debug|x64
		{6D587D16-154F-487D-A605-63F7F0DA106E}.Debug|x64.Build.0 = Debug|x64
		{6D587D16-154F-487D-A605-63F7F0DA106E}.Release|Win32.ActiveCfg = Release|Win32
		{6D587D16-154F-487D-A605-63F7F0DA106E}.Release|Win32.Build.0 = Release|Win32
		{6D587D16-154F-487D-A605-63F7F0DA106E}.Release|x64.ActiveCfg = Release|x64
		{6D587D16-154F-487D-A605-63F7F0DA106E}.Release|x64.Build.0 = Release|x64
	EndGlobalSection
	GlobalSection(SolutionProperties) = preSolution
		HideSolutionNode = FALSE
	EndGlobalSection
	GlobalSection(NestedProjects) = preSolution
		{772C2111-BBBF-49E6-B912-198A7F7A88E5} = {B7BF052D-7209-4CE2-8812-2F11448D31BE}
		{B9CD26A9-5FD0-4800-92A3-C73A8AE84386} = {5102C15D-FB7B-4FE9-86BC-0C227886CEDE}
		{D8AEEBA6-7782-4347-B072-D764544B8AFF} = {5102C15D-FB7B-4FE9-86BC-0C227886CEDE}
		{ADA52100-4425-488E-8829-E2DA52F6CC8E} = {5102C15D-FB7B-4FE9-86BC-0C227886CEDE}
		{81D2AA55-BAFA-489F-91BC-CF3AF72EB3B0} = {5102C15D-FB7B-4FE9-86BC-0C227886CEDE}
		{F25CC672-B37B-4B36-8130-84A78E86890A} = {5102C15D-FB7B-4FE9-86BC-0C227886CEDE}
		{9D09FBBE-EA74-4744-A0B3-10B4A7488317} = {5102C15D-FB7B-4FE9-86BC-0C227886CEDE}
		{F7A3208D-D4DD-4401-AD73-794BFEE2DD4E} = {5102C15D-FB7B-4FE9-86BC-0C227886CEDE}
		{C7415F97-C18B-4E91-B9EF-EA81AA0EF5B2} = {5102C15D-FB7B-4FE9-86BC-0C227886CEDE}
		{A149897F-D0BD-4C95-9532-D347EA1C16E3} = {5102C15D-FB7B-4FE9-86BC-0C227886CEDE}
	EndGlobalSection
EndGlobal
