<?xml version="1.0" encoding="utf-8"?>
<Project ToolsVersion="4.0" xmlns="http://schemas.microsoft.com/developer/msbuild/2003">
  <ItemGroup>
    <Filter Include="Source Files">
      <UniqueIdentifier>{4FC737F1-C7A5-4376-A066-2A32D752A2FF}</UniqueIdentifier>
      <Extensions>cpp;c;cc;cxx;def;odl;idl;hpj;bat;asm;asmx</Extensions>
    </Filter>
    <Filter Include="Header Files">
      <UniqueIdentifier>{93995380-89BD-4b04-88EB-625FBE52EBFB}</UniqueIdentifier>
      <Extensions>h;hpp;hxx;hm;inl;inc;xsd</Extensions>
    </Filter>
    <Filter Include="Generated Source Files">
      <UniqueIdentifier>{fff1b6b9-804a-4e21-9099-28d4f642470f}</UniqueIdentifier>
    </Filter>
    <Filter Include="Configuration">
      <UniqueIdentifier>{278fff69-7314-4939-b575-f7d0272a402e}</UniqueIdentifier>
    </Filter>
    <Filter Include="Internal Header Files">
      <UniqueIdentifier>{b1f6245f-7b5e-4192-898c-c6100fbb1d48}</UniqueIdentifier>
    </Filter>
    <Filter Include="Header Files\internal">
      <UniqueIdentifier>{273ca7eb-7bae-4c23-b360-b638ade55782}</UniqueIdentifier>
    </Filter>
  </ItemGroup>
  <ItemGroup>
    <ClCompile Include="..\ceres-solver\internal\ceres\generated\partitioned_matrix_view_2_2_2.cc">
      <Filter>Generated Source Files</Filter>
    </ClCompile>
    <ClCompile Include="..\ceres-solver\internal\ceres\generated\partitioned_matrix_view_2_2_3.cc">
      <Filter>Generated Source Files</Filter>
    </ClCompile>
    <ClCompile Include="..\ceres-solver\internal\ceres\generated\partitioned_matrix_view_2_2_4.cc">
      <Filter>Generated Source Files</Filter>
    </ClCompile>
    <ClCompile Include="..\ceres-solver\internal\ceres\generated\partitioned_matrix_view_2_2_d.cc">
      <Filter>Generated Source Files</Filter>
    </ClCompile>
    <ClCompile Include="..\ceres-solver\internal\ceres\generated\partitioned_matrix_view_2_3_3.cc">
      <Filter>Generated Source Files</Filter>
    </ClCompile>
    <ClCompile Include="..\ceres-solver\internal\ceres\generated\partitioned_matrix_view_2_3_4.cc">
      <Filter>Generated Source Files</Filter>
    </ClCompile>
    <ClCompile Include="..\ceres-solver\internal\ceres\generated\partitioned_matrix_view_2_3_9.cc">
      <Filter>Generated Source Files</Filter>
    </ClCompile>
    <ClCompile Include="..\ceres-solver\internal\ceres\generated\partitioned_matrix_view_2_3_d.cc">
      <Filter>Generated Source Files</Filter>
    </ClCompile>
    <ClCompile Include="..\ceres-solver\internal\ceres\generated\partitioned_matrix_view_2_4_3.cc">
      <Filter>Generated Source Files</Filter>
    </ClCompile>
    <ClCompile Include="..\ceres-solver\internal\ceres\generated\partitioned_matrix_view_2_4_4.cc">
      <Filter>Generated Source Files</Filter>
    </ClCompile>
    <ClCompile Include="..\ceres-solver\internal\ceres\generated\partitioned_matrix_view_2_4_8.cc">
      <Filter>Generated Source Files</Filter>
    </ClCompile>
    <ClCompile Include="..\ceres-solver\internal\ceres\generated\partitioned_matrix_view_2_4_9.cc">
      <Filter>Generated Source Files</Filter>
    </ClCompile>
    <ClCompile Include="..\ceres-solver\internal\ceres\generated\partitioned_matrix_view_2_4_d.cc">
      <Filter>Generated Source Files</Filter>
    </ClCompile>
    <ClCompile Include="..\ceres-solver\internal\ceres\generated\partitioned_matrix_view_2_d_d.cc">
      <Filter>Generated Source Files</Filter>
    </ClCompile>
    <ClCompile Include="..\ceres-solver\internal\ceres\generated\partitioned_matrix_view_4_4_2.cc">
      <Filter>Generated Source Files</Filter>
    </ClCompile>
    <ClCompile Include="..\ceres-solver\internal\ceres\generated\partitioned_matrix_view_4_4_3.cc">
      <Filter>Generated Source Files</Filter>
    </ClCompile>
    <ClCompile Include="..\ceres-solver\internal\ceres\generated\partitioned_matrix_view_4_4_4.cc">
      <Filter>Generated Source Files</Filter>
    </ClCompile>
    <ClCompile Include="..\ceres-solver\internal\ceres\generated\partitioned_matrix_view_4_4_d.cc">
      <Filter>Generated Source Files</Filter>
    </ClCompile>
    <ClCompile Include="..\ceres-solver\internal\ceres\generated\partitioned_matrix_view_d_d_d.cc">
      <Filter>Generated Source Files</Filter>
    </ClCompile>
    <ClCompile Include="..\ceres-solver\internal\ceres\generated\schur_eliminator_2_2_2.cc">
      <Filter>Generated Source Files</Filter>
    </ClCompile>
    <ClCompile Include="..\ceres-solver\internal\ceres\generated\schur_eliminator_2_2_3.cc">
      <Filter>Generated Source Files</Filter>
    </ClCompile>
    <ClCompile Include="..\ceres-solver\internal\ceres\generated\schur_eliminator_2_2_4.cc">
      <Filter>Generated Source Files</Filter>
    </ClCompile>
    <ClCompile Include="..\ceres-solver\internal\ceres\generated\schur_eliminator_2_2_d.cc">
      <Filter>Generated Source Files</Filter>
    </ClCompile>
    <ClCompile Include="..\ceres-solver\internal\ceres\generated\schur_eliminator_2_3_3.cc">
      <Filter>Generated Source Files</Filter>
    </ClCompile>
    <ClCompile Include="..\ceres-solver\internal\ceres\generated\schur_eliminator_2_3_4.cc">
      <Filter>Generated Source Files</Filter>
    </ClCompile>
    <ClCompile Include="..\ceres-solver\internal\ceres\generated\schur_eliminator_2_3_9.cc">
      <Filter>Generated Source Files</Filter>
    </ClCompile>
    <ClCompile Include="..\ceres-solver\internal\ceres\generated\schur_eliminator_2_3_d.cc">
      <Filter>Generated Source Files</Filter>
    </ClCompile>
    <ClCompile Include="..\ceres-solver\internal\ceres\generated\schur_eliminator_2_4_3.cc">
      <Filter>Generated Source Files</Filter>
    </ClCompile>
    <ClCompile Include="..\ceres-solver\internal\ceres\generated\schur_eliminator_2_4_4.cc">
      <Filter>Generated Source Files</Filter>
    </ClCompile>
    <ClCompile Include="..\ceres-solver\internal\ceres\generated\schur_eliminator_2_4_8.cc">
      <Filter>Generated Source Files</Filter>
    </ClCompile>
    <ClCompile Include="..\ceres-solver\internal\ceres\generated\schur_eliminator_2_4_9.cc">
      <Filter>Generated Source Files</Filter>
    </ClCompile>
    <ClCompile Include="..\ceres-solver\internal\ceres\generated\schur_eliminator_2_4_d.cc">
      <Filter>Generated Source Files</Filter>
    </ClCompile>
    <ClCompile Include="..\ceres-solver\internal\ceres\generated\schur_eliminator_2_d_d.cc">
      <Filter>Generated Source Files</Filter>
    </ClCompile>
    <ClCompile Include="..\ceres-solver\internal\ceres\generated\schur_eliminator_4_4_2.cc">
      <Filter>Generated Source Files</Filter>
    </ClCompile>
    <ClCompile Include="..\ceres-solver\internal\ceres\generated\schur_eliminator_4_4_3.cc">
      <Filter>Generated Source Files</Filter>
    </ClCompile>
    <ClCompile Include="..\ceres-solver\internal\ceres\generated\schur_eliminator_4_4_4.cc">
      <Filter>Generated Source Files</Filter>
    </ClCompile>
    <ClCompile Include="..\ceres-solver\internal\ceres\generated\schur_eliminator_4_4_d.cc">
      <Filter>Generated Source Files</Filter>
    </ClCompile>
    <ClCompile Include="..\ceres-solver\internal\ceres\generated\schur_eliminator_d_d_d.cc">
      <Filter>Generated Source Files</Filter>
    </ClCompile>
    <ClCompile Include="..\ceres-solver\internal\ceres\generated\partitioned_matrix_view_2_3_6.cc">
      <Filter>Generated Source Files</Filter>
    </ClCompile>
    <ClCompile Include="..\ceres-solver\internal\ceres\generated\schur_eliminator_2_3_6.cc">
      <Filter>Generated Source Files</Filter>
    </ClCompile>
    <ClCompile Include="..\ceres-solver\internal\ceres\array_utils.cc">
      <Filter>Source Files</Filter>
    </ClCompile>
    <ClCompile Include="..\ceres-solver\internal\ceres\blas.cc">
      <Filter>Source Files</Filter>
    </ClCompile>
    <ClCompile Include="..\ceres-solver\internal\ceres\block_evaluate_preparer.cc">
      <Filter>Source Files</Filter>
    </ClCompile>
    <ClCompile Include="..\ceres-solver\internal\ceres\block_jacobi_preconditioner.cc">
      <Filter>Source Files</Filter>
    </ClCompile>
    <ClCompile Include="..\ceres-solver\internal\ceres\block_jacobian_writer.cc">
      <Filter>Source Files</Filter>
    </ClCompile>
    <ClCompile Include="..\ceres-solver\internal\ceres\block_random_access_dense_matrix.cc">
      <Filter>Source Files</Filter>
    </ClCompile>
    <ClCompile Include="..\ceres-solver\internal\ceres\block_random_access_diagonal_matrix.cc">
      <Filter>Source Files</Filter>
    </ClCompile>
    <ClCompile Include="..\ceres-solver\internal\ceres\block_random_access_matrix.cc">
      <Filter>Source Files</Filter>
    </ClCompile>
    <ClCompile Include="..\ceres-solver\internal\ceres\block_random_access_sparse_matrix.cc">
      <Filter>Source Files</Filter>
    </ClCompile>
    <ClCompile Include="..\ceres-solver\internal\ceres\block_sparse_matrix.cc">
      <Filter>Source Files</Filter>
    </ClCompile>
    <ClCompile Include="..\ceres-solver\internal\ceres\block_structure.cc">
      <Filter>Source Files</Filter>
    </ClCompile>
    <ClCompile Include="..\ceres-solver\internal\ceres\c_api.cc">
      <Filter>Source Files</Filter>
    </ClCompile>
    <ClCompile Include="..\ceres-solver\internal\ceres\callbacks.cc">
      <Filter>Source Files</Filter>
    </ClCompile>
    <ClCompile Include="..\ceres-solver\internal\ceres\canonical_views_clustering.cc">
      <Filter>Source Files</Filter>
    </ClCompile>
    <ClCompile Include="..\ceres-solver\internal\ceres\cgnr_solver.cc">
      <Filter>Source Files</Filter>
    </ClCompile>
    <ClCompile Include="..\ceres-solver\internal\ceres\collections_port.cc">
      <Filter>Source Files</Filter>
    </ClCompile>
    <ClCompile Include="..\ceres-solver\internal\ceres\compressed_col_sparse_matrix_utils.cc">
      <Filter>Source Files</Filter>
    </ClCompile>
    <ClCompile Include="..\ceres-solver\internal\ceres\compressed_row_jacobian_writer.cc">
      <Filter>Source Files</Filter>
    </ClCompile>
    <ClCompile Include="..\ceres-solver\internal\ceres\compressed_row_sparse_matrix.cc">
      <Filter>Source Files</Filter>
    </ClCompile>
    <ClCompile Include="..\ceres-solver\internal\ceres\conditioned_cost_function.cc">
      <Filter>Source Files</Filter>
    </ClCompile>
    <ClCompile Include="..\ceres-solver\internal\ceres\conjugate_gradients_solver.cc">
      <Filter>Source Files</Filter>
    </ClCompile>
    <ClCompile Include="..\ceres-solver\internal\ceres\coordinate_descent_minimizer.cc">
      <Filter>Source Files</Filter>
    </ClCompile>
    <ClCompile Include="..\ceres-solver\internal\ceres\corrector.cc">
      <Filter>Source Files</Filter>
    </ClCompile>
    <ClCompile Include="..\ceres-solver\internal\ceres\covariance.cc">
      <Filter>Source Files</Filter>
    </ClCompile>
    <ClCompile Include="..\ceres-solver\internal\ceres\covariance_impl.cc">
      <Filter>Source Files</Filter>
    </ClCompile>
    <ClCompile Include="..\ceres-solver\internal\ceres\cxsparse.cc">
      <Filter>Source Files</Filter>
    </ClCompile>
    <ClCompile Include="..\ceres-solver\internal\ceres\dense_normal_cholesky_solver.cc">
      <Filter>Source Files</Filter>
    </ClCompile>
    <ClCompile Include="..\ceres-solver\internal\ceres\dense_qr_solver.cc">
      <Filter>Source Files</Filter>
    </ClCompile>
    <ClCompile Include="..\ceres-solver\internal\ceres\dense_sparse_matrix.cc">
      <Filter>Source Files</Filter>
    </ClCompile>
    <ClCompile Include="..\ceres-solver\internal\ceres\detect_structure.cc">
      <Filter>Source Files</Filter>
    </ClCompile>
    <ClCompile Include="..\ceres-solver\internal\ceres\dogleg_strategy.cc">
      <Filter>Source Files</Filter>
    </ClCompile>
    <ClCompile Include="..\ceres-solver\internal\ceres\dynamic_compressed_row_jacobian_writer.cc">
      <Filter>Source Files</Filter>
    </ClCompile>
    <ClCompile Include="..\ceres-solver\internal\ceres\dynamic_compressed_row_sparse_matrix.cc">
      <Filter>Source Files</Filter>
    </ClCompile>
    <ClCompile Include="..\ceres-solver\internal\ceres\evaluator.cc">
      <Filter>Source Files</Filter>
    </ClCompile>
    <ClCompile Include="..\ceres-solver\internal\ceres\file.cc">
      <Filter>Source Files</Filter>
    </ClCompile>
    <ClCompile Include="..\ceres-solver\internal\ceres\gradient_checking_cost_function.cc">
      <Filter>Source Files</Filter>
    </ClCompile>
    <ClCompile Include="..\ceres-solver\internal\ceres\gradient_problem.cc">
      <Filter>Source Files</Filter>
    </ClCompile>
    <ClCompile Include="..\ceres-solver\internal\ceres\gradient_problem_solver.cc">
      <Filter>Source Files</Filter>
    </ClCompile>
    <ClCompile Include="..\ceres-solver\internal\ceres\implicit_schur_complement.cc">
      <Filter>Source Files</Filter>
    </ClCompile>
    <ClCompile Include="..\ceres-solver\internal\ceres\iterative_schur_complement_solver.cc">
      <Filter>Source Files</Filter>
    </ClCompile>
    <ClCompile Include="..\ceres-solver\internal\ceres\lapack.cc">
      <Filter>Source Files</Filter>
    </ClCompile>
    <ClCompile Include="..\ceres-solver\internal\ceres\levenberg_marquardt_strategy.cc">
      <Filter>Source Files</Filter>
    </ClCompile>
    <ClCompile Include="..\ceres-solver\internal\ceres\line_search.cc">
      <Filter>Source Files</Filter>
    </ClCompile>
    <ClCompile Include="..\ceres-solver\internal\ceres\line_search_direction.cc">
      <Filter>Source Files</Filter>
    </ClCompile>
    <ClCompile Include="..\ceres-solver\internal\ceres\line_search_minimizer.cc">
      <Filter>Source Files</Filter>
    </ClCompile>
    <ClCompile Include="..\ceres-solver\internal\ceres\line_search_preprocessor.cc">
      <Filter>Source Files</Filter>
    </ClCompile>
    <ClCompile Include="..\ceres-solver\internal\ceres\linear_least_squares_problems.cc">
      <Filter>Source Files</Filter>
    </ClCompile>
    <ClCompile Include="..\ceres-solver\internal\ceres\linear_operator.cc">
      <Filter>Source Files</Filter>
    </ClCompile>
    <ClCompile Include="..\ceres-solver\internal\ceres\linear_solver.cc">
      <Filter>Source Files</Filter>
    </ClCompile>
    <ClCompile Include="..\ceres-solver\internal\ceres\local_parameterization.cc">
      <Filter>Source Files</Filter>
    </ClCompile>
    <ClCompile Include="..\ceres-solver\internal\ceres\loss_function.cc">
      <Filter>Source Files</Filter>
    </ClCompile>
    <ClCompile Include="..\ceres-solver\internal\ceres\low_rank_inverse_hessian.cc">
      <Filter>Source Files</Filter>
    </ClCompile>
    <ClCompile Include="..\ceres-solver\internal\ceres\minimizer.cc">
      <Filter>Source Files</Filter>
    </ClCompile>
    <ClCompile Include="..\ceres-solver\internal\ceres\normal_prior.cc">
      <Filter>Source Files</Filter>
    </ClCompile>
    <ClCompile Include="..\ceres-solver\internal\ceres\parameter_block_ordering.cc">
      <Filter>Source Files</Filter>
    </ClCompile>
    <ClCompile Include="..\ceres-solver\internal\ceres\partitioned_matrix_view.cc">
      <Filter>Source Files</Filter>
    </ClCompile>
    <ClCompile Include="..\ceres-solver\internal\ceres\polynomial.cc">
      <Filter>Source Files</Filter>
    </ClCompile>
    <ClCompile Include="..\ceres-solver\internal\ceres\preconditioner.cc">
      <Filter>Source Files</Filter>
    </ClCompile>
    <ClCompile Include="..\ceres-solver\internal\ceres\preprocessor.cc">
      <Filter>Source Files</Filter>
    </ClCompile>
    <ClCompile Include="..\ceres-solver\internal\ceres\problem.cc">
      <Filter>Source Files</Filter>
    </ClCompile>
    <ClCompile Include="..\ceres-solver\internal\ceres\problem_impl.cc">
      <Filter>Source Files</Filter>
    </ClCompile>
    <ClCompile Include="..\ceres-solver\internal\ceres\program.cc">
      <Filter>Source Files</Filter>
    </ClCompile>
    <ClCompile Include="..\ceres-solver\internal\ceres\reorder_program.cc">
      <Filter>Source Files</Filter>
    </ClCompile>
    <ClCompile Include="..\ceres-solver\internal\ceres\residual_block.cc">
      <Filter>Source Files</Filter>
    </ClCompile>
    <ClCompile Include="..\ceres-solver\internal\ceres\residual_block_utils.cc">
      <Filter>Source Files</Filter>
    </ClCompile>
    <ClCompile Include="..\ceres-solver\internal\ceres\schur_complement_solver.cc">
      <Filter>Source Files</Filter>
    </ClCompile>
    <ClCompile Include="..\ceres-solver\internal\ceres\schur_eliminator.cc">
      <Filter>Source Files</Filter>
    </ClCompile>
    <ClCompile Include="..\ceres-solver\internal\ceres\schur_jacobi_preconditioner.cc">
      <Filter>Source Files</Filter>
    </ClCompile>
    <ClCompile Include="..\ceres-solver\internal\ceres\scratch_evaluate_preparer.cc">
      <Filter>Source Files</Filter>
    </ClCompile>
    <ClCompile Include="..\ceres-solver\internal\ceres\single_linkage_clustering.cc">
      <Filter>Source Files</Filter>
    </ClCompile>
    <ClCompile Include="..\ceres-solver\internal\ceres\solver.cc">
      <Filter>Source Files</Filter>
    </ClCompile>
    <ClCompile Include="..\ceres-solver\internal\ceres\solver_utils.cc">
      <Filter>Source Files</Filter>
    </ClCompile>
    <ClCompile Include="..\ceres-solver\internal\ceres\sparse_matrix.cc">
      <Filter>Source Files</Filter>
    </ClCompile>
    <ClCompile Include="..\ceres-solver\internal\ceres\sparse_normal_cholesky_solver.cc">
      <Filter>Source Files</Filter>
    </ClCompile>
    <ClCompile Include="..\ceres-solver\internal\ceres\split.cc">
      <Filter>Source Files</Filter>
    </ClCompile>
    <ClCompile Include="..\ceres-solver\internal\ceres\stringprintf.cc">
      <Filter>Source Files</Filter>
    </ClCompile>
    <ClCompile Include="..\ceres-solver\internal\ceres\suitesparse.cc">
      <Filter>Source Files</Filter>
    </ClCompile>
    <ClCompile Include="..\ceres-solver\internal\ceres\triplet_sparse_matrix.cc">
      <Filter>Source Files</Filter>
    </ClCompile>
    <ClCompile Include="..\ceres-solver\internal\ceres\trust_region_minimizer.cc">
      <Filter>Source Files</Filter>
    </ClCompile>
    <ClCompile Include="..\ceres-solver\internal\ceres\trust_region_preprocessor.cc">
      <Filter>Source Files</Filter>
    </ClCompile>
    <ClCompile Include="..\ceres-solver\internal\ceres\trust_region_strategy.cc">
      <Filter>Source Files</Filter>
    </ClCompile>
    <ClCompile Include="..\ceres-solver\internal\ceres\types.cc">
      <Filter>Source Files</Filter>
    </ClCompile>
    <ClCompile Include="..\ceres-solver\internal\ceres\visibility.cc">
      <Filter>Source Files</Filter>
    </ClCompile>
    <ClCompile Include="..\ceres-solver\internal\ceres\visibility_based_preconditioner.cc">
      <Filter>Source Files</Filter>
    </ClCompile>
    <ClCompile Include="..\ceres-solver\internal\ceres\wall_time.cc">
      <Filter>Source Files</Filter>
    </ClCompile>
    <ClCompile Include="..\ceres-solver\internal\ceres\gradient_checker.cc">
      <Filter>Source Files</Filter>
    </ClCompile>
    <ClCompile Include="..\ceres-solver\internal\ceres\is_close.cc">
      <Filter>Source Files</Filter>
    </ClCompile>
    <ClCompile Include="..\ceres-solver\internal\ceres\trust_region_step_evaluator.cc">
      <Filter>Source Files</Filter>
    </ClCompile>
  </ItemGroup>
  <ItemGroup>
    <ClInclude Include="include\ceres\internal\config.h">
      <Filter>Configuration</Filter>
    </ClInclude>
    <ClInclude Include="..\ceres-solver\internal\ceres\array_utils.h">
      <Filter>Internal Header Files</Filter>
    </ClInclude>
    <ClInclude Include="..\ceres-solver\internal\ceres\blas.h">
      <Filter>Internal Header Files</Filter>
    </ClInclude>
    <ClInclude Include="..\ceres-solver\internal\ceres\block_evaluate_preparer.h">
      <Filter>Internal Header Files</Filter>
    </ClInclude>
    <ClInclude Include="..\ceres-solver\internal\ceres\block_jacobi_preconditioner.h">
      <Filter>Internal Header Files</Filter>
    </ClInclude>
    <ClInclude Include="..\ceres-solver\internal\ceres\block_jacobian_writer.h">
      <Filter>Internal Header Files</Filter>
    </ClInclude>
    <ClInclude Include="..\ceres-solver\internal\ceres\block_random_access_dense_matrix.h">
      <Filter>Internal Header Files</Filter>
    </ClInclude>
    <ClInclude Include="..\ceres-solver\internal\ceres\block_random_access_diagonal_matrix.h">
      <Filter>Internal Header Files</Filter>
    </ClInclude>
    <ClInclude Include="..\ceres-solver\internal\ceres\block_random_access_matrix.h">
      <Filter>Internal Header Files</Filter>
    </ClInclude>
    <ClInclude Include="..\ceres-solver\internal\ceres\block_random_access_sparse_matrix.h">
      <Filter>Internal Header Files</Filter>
    </ClInclude>
    <ClInclude Include="..\ceres-solver\internal\ceres\block_sparse_matrix.h">
      <Filter>Internal Header Files</Filter>
    </ClInclude>
    <ClInclude Include="..\ceres-solver\internal\ceres\block_structure.h">
      <Filter>Internal Header Files</Filter>
    </ClInclude>
    <ClInclude Include="..\ceres-solver\internal\ceres\callbacks.h">
      <Filter>Internal Header Files</Filter>
    </ClInclude>
    <ClInclude Include="..\ceres-solver\internal\ceres\canonical_views_clustering.h">
      <Filter>Internal Header Files</Filter>
    </ClInclude>
    <ClInclude Include="..\ceres-solver\internal\ceres\casts.h">
      <Filter>Internal Header Files</Filter>
    </ClInclude>
    <ClInclude Include="..\ceres-solver\internal\ceres\cgnr_linear_operator.h">
      <Filter>Internal Header Files</Filter>
    </ClInclude>
    <ClInclude Include="..\ceres-solver\internal\ceres\cgnr_solver.h">
      <Filter>Internal Header Files</Filter>
    </ClInclude>
    <ClInclude Include="..\ceres-solver\internal\ceres\collections_port.h">
      <Filter>Internal Header Files</Filter>
    </ClInclude>
    <ClInclude Include="..\ceres-solver\internal\ceres\compressed_col_sparse_matrix_utils.h">
      <Filter>Internal Header Files</Filter>
    </ClInclude>
    <ClInclude Include="..\ceres-solver\internal\ceres\compressed_row_jacobian_writer.h">
      <Filter>Internal Header Files</Filter>
    </ClInclude>
    <ClInclude Include="..\ceres-solver\internal\ceres\compressed_row_sparse_matrix.h">
      <Filter>Internal Header Files</Filter>
    </ClInclude>
    <ClInclude Include="..\ceres-solver\internal\ceres\conjugate_gradients_solver.h">
      <Filter>Internal Header Files</Filter>
    </ClInclude>
    <ClInclude Include="..\ceres-solver\internal\ceres\coordinate_descent_minimizer.h">
      <Filter>Internal Header Files</Filter>
    </ClInclude>
    <ClInclude Include="..\ceres-solver\internal\ceres\corrector.h">
      <Filter>Internal Header Files</Filter>
    </ClInclude>
    <ClInclude Include="..\ceres-solver\internal\ceres\covariance_impl.h">
      <Filter>Internal Header Files</Filter>
    </ClInclude>
    <ClInclude Include="..\ceres-solver\internal\ceres\cxsparse.h">
      <Filter>Internal Header Files</Filter>
    </ClInclude>
    <ClInclude Include="..\ceres-solver\internal\ceres\dense_jacobian_writer.h">
      <Filter>Internal Header Files</Filter>
    </ClInclude>
    <ClInclude Include="..\ceres-solver\internal\ceres\dense_normal_cholesky_solver.h">
      <Filter>Internal Header Files</Filter>
    </ClInclude>
    <ClInclude Include="..\ceres-solver\internal\ceres\dense_qr_solver.h">
      <Filter>Internal Header Files</Filter>
    </ClInclude>
    <ClInclude Include="..\ceres-solver\internal\ceres\dense_sparse_matrix.h">
      <Filter>Internal Header Files</Filter>
    </ClInclude>
    <ClInclude Include="..\ceres-solver\internal\ceres\detect_structure.h">
      <Filter>Internal Header Files</Filter>
    </ClInclude>
    <ClInclude Include="..\ceres-solver\internal\ceres\dogleg_strategy.h">
      <Filter>Internal Header Files</Filter>
    </ClInclude>
    <ClInclude Include="..\ceres-solver\internal\ceres\dynamic_compressed_row_finalizer.h">
      <Filter>Internal Header Files</Filter>
    </ClInclude>
    <ClInclude Include="..\ceres-solver\internal\ceres\dynamic_compressed_row_jacobian_writer.h">
      <Filter>Internal Header Files</Filter>
    </ClInclude>
    <ClInclude Include="..\ceres-solver\internal\ceres\dynamic_compressed_row_sparse_matrix.h">
      <Filter>Internal Header Files</Filter>
    </ClInclude>
    <ClInclude Include="..\ceres-solver\internal\ceres\evaluator.h">
      <Filter>Internal Header Files</Filter>
    </ClInclude>
    <ClInclude Include="..\ceres-solver\internal\ceres\execution_summary.h">
      <Filter>Internal Header Files</Filter>
    </ClInclude>
    <ClInclude Include="..\ceres-solver\internal\ceres\file.h">
      <Filter>Internal Header Files</Filter>
    </ClInclude>
    <ClInclude Include="..\ceres-solver\internal\ceres\gradient_checking_cost_function.h">
      <Filter>Internal Header Files</Filter>
    </ClInclude>
    <ClInclude Include="..\ceres-solver\internal\ceres\gradient_problem_evaluator.h">
      <Filter>Internal Header Files</Filter>
    </ClInclude>
    <ClInclude Include="..\ceres-solver\internal\ceres\graph.h">
      <Filter>Internal Header Files</Filter>
    </ClInclude>
    <ClInclude Include="..\ceres-solver\internal\ceres\graph_algorithms.h">
      <Filter>Internal Header Files</Filter>
    </ClInclude>
    <ClInclude Include="..\ceres-solver\internal\ceres\householder_vector.h">
      <Filter>Internal Header Files</Filter>
    </ClInclude>
    <ClInclude Include="..\ceres-solver\internal\ceres\implicit_schur_complement.h">
      <Filter>Internal Header Files</Filter>
    </ClInclude>
    <ClInclude Include="..\ceres-solver\internal\ceres\integral_types.h">
      <Filter>Internal Header Files</Filter>
    </ClInclude>
    <ClInclude Include="..\ceres-solver\internal\ceres\iterative_schur_complement_solver.h">
      <Filter>Internal Header Files</Filter>
    </ClInclude>
    <ClInclude Include="..\ceres-solver\internal\ceres\lapack.h">
      <Filter>Internal Header Files</Filter>
    </ClInclude>
    <ClInclude Include="..\ceres-solver\internal\ceres\levenberg_marquardt_strategy.h">
      <Filter>Internal Header Files</Filter>
    </ClInclude>
    <ClInclude Include="..\ceres-solver\internal\ceres\line_search.h">
      <Filter>Internal Header Files</Filter>
    </ClInclude>
    <ClInclude Include="..\ceres-solver\internal\ceres\line_search_direction.h">
      <Filter>Internal Header Files</Filter>
    </ClInclude>
    <ClInclude Include="..\ceres-solver\internal\ceres\line_search_minimizer.h">
      <Filter>Internal Header Files</Filter>
    </ClInclude>
    <ClInclude Include="..\ceres-solver\internal\ceres\line_search_preprocessor.h">
      <Filter>Internal Header Files</Filter>
    </ClInclude>
    <ClInclude Include="..\ceres-solver\internal\ceres\linear_least_squares_problems.h">
      <Filter>Internal Header Files</Filter>
    </ClInclude>
    <ClInclude Include="..\ceres-solver\internal\ceres\linear_operator.h">
      <Filter>Internal Header Files</Filter>
    </ClInclude>
    <ClInclude Include="..\ceres-solver\internal\ceres\linear_solver.h">
      <Filter>Internal Header Files</Filter>
    </ClInclude>
    <ClInclude Include="..\ceres-solver\internal\ceres\low_rank_inverse_hessian.h">
      <Filter>Internal Header Files</Filter>
    </ClInclude>
    <ClInclude Include="..\ceres-solver\internal\ceres\map_util.h">
      <Filter>Internal Header Files</Filter>
    </ClInclude>
    <ClInclude Include="..\ceres-solver\internal\ceres\minimizer.h">
      <Filter>Internal Header Files</Filter>
    </ClInclude>
    <ClInclude Include="..\ceres-solver\internal\ceres\mutex.h">
      <Filter>Internal Header Files</Filter>
    </ClInclude>
    <ClInclude Include="..\ceres-solver\internal\ceres\parameter_block.h">
      <Filter>Internal Header Files</Filter>
    </ClInclude>
    <ClInclude Include="..\ceres-solver\internal\ceres\parameter_block_ordering.h">
      <Filter>Internal Header Files</Filter>
    </ClInclude>
    <ClInclude Include="..\ceres-solver\internal\ceres\partitioned_matrix_view.h">
      <Filter>Internal Header Files</Filter>
    </ClInclude>
    <ClInclude Include="..\ceres-solver\internal\ceres\partitioned_matrix_view_impl.h">
      <Filter>Internal Header Files</Filter>
    </ClInclude>
    <ClInclude Include="..\ceres-solver\internal\ceres\polynomial.h">
      <Filter>Internal Header Files</Filter>
    </ClInclude>
    <ClInclude Include="..\ceres-solver\internal\ceres\preconditioner.h">
      <Filter>Internal Header Files</Filter>
    </ClInclude>
    <ClInclude Include="..\ceres-solver\internal\ceres\preprocessor.h">
      <Filter>Internal Header Files</Filter>
    </ClInclude>
    <ClInclude Include="..\ceres-solver\internal\ceres\problem_impl.h">
      <Filter>Internal Header Files</Filter>
    </ClInclude>
    <ClInclude Include="..\ceres-solver\internal\ceres\program.h">
      <Filter>Internal Header Files</Filter>
    </ClInclude>
    <ClInclude Include="..\ceres-solver\internal\ceres\program_evaluator.h">
      <Filter>Internal Header Files</Filter>
    </ClInclude>
    <ClInclude Include="..\ceres-solver\internal\ceres\random.h">
      <Filter>Internal Header Files</Filter>
    </ClInclude>
    <ClInclude Include="..\ceres-solver\internal\ceres\reorder_program.h">
      <Filter>Internal Header Files</Filter>
    </ClInclude>
    <ClInclude Include="..\ceres-solver\internal\ceres\residual_block.h">
      <Filter>Internal Header Files</Filter>
    </ClInclude>
    <ClInclude Include="..\ceres-solver\internal\ceres\residual_block_utils.h">
      <Filter>Internal Header Files</Filter>
    </ClInclude>
    <ClInclude Include="..\ceres-solver\internal\ceres\schur_complement_solver.h">
      <Filter>Internal Header Files</Filter>
    </ClInclude>
    <ClInclude Include="..\ceres-solver\internal\ceres\schur_eliminator.h">
      <Filter>Internal Header Files</Filter>
    </ClInclude>
    <ClInclude Include="..\ceres-solver\internal\ceres\schur_eliminator_impl.h">
      <Filter>Internal Header Files</Filter>
    </ClInclude>
    <ClInclude Include="..\ceres-solver\internal\ceres\schur_jacobi_preconditioner.h">
      <Filter>Internal Header Files</Filter>
    </ClInclude>
    <ClInclude Include="..\ceres-solver\internal\ceres\scratch_evaluate_preparer.h">
      <Filter>Internal Header Files</Filter>
    </ClInclude>
    <ClInclude Include="..\ceres-solver\internal\ceres\single_linkage_clustering.h">
      <Filter>Internal Header Files</Filter>
    </ClInclude>
    <ClInclude Include="..\ceres-solver\internal\ceres\small_blas.h">
      <Filter>Internal Header Files</Filter>
    </ClInclude>
    <ClInclude Include="..\ceres-solver\internal\ceres\solver_utils.h">
      <Filter>Internal Header Files</Filter>
    </ClInclude>
    <ClInclude Include="..\ceres-solver\internal\ceres\sparse_matrix.h">
      <Filter>Internal Header Files</Filter>
    </ClInclude>
    <ClInclude Include="..\ceres-solver\internal\ceres\sparse_normal_cholesky_solver.h">
      <Filter>Internal Header Files</Filter>
    </ClInclude>
    <ClInclude Include="..\ceres-solver\internal\ceres\split.h">
      <Filter>Internal Header Files</Filter>
    </ClInclude>
    <ClInclude Include="..\ceres-solver\internal\ceres\stl_util.h">
      <Filter>Internal Header Files</Filter>
    </ClInclude>
    <ClInclude Include="..\ceres-solver\internal\ceres\stringprintf.h">
      <Filter>Internal Header Files</Filter>
    </ClInclude>
    <ClInclude Include="..\ceres-solver\internal\ceres\suitesparse.h">
      <Filter>Internal Header Files</Filter>
    </ClInclude>
    <ClInclude Include="..\ceres-solver\internal\ceres\triplet_sparse_matrix.h">
      <Filter>Internal Header Files</Filter>
    </ClInclude>
    <ClInclude Include="..\ceres-solver\internal\ceres\trust_region_minimizer.h">
      <Filter>Internal Header Files</Filter>
    </ClInclude>
    <ClInclude Include="..\ceres-solver\internal\ceres\trust_region_preprocessor.h">
      <Filter>Internal Header Files</Filter>
    </ClInclude>
    <ClInclude Include="..\ceres-solver\internal\ceres\trust_region_strategy.h">
      <Filter>Internal Header Files</Filter>
    </ClInclude>
    <ClInclude Include="..\ceres-solver\internal\ceres\visibility.h">
      <Filter>Internal Header Files</Filter>
    </ClInclude>
    <ClInclude Include="..\ceres-solver\internal\ceres\visibility_based_preconditioner.h">
      <Filter>Internal Header Files</Filter>
    </ClInclude>
    <ClInclude Include="..\ceres-solver\internal\ceres\wall_time.h">
      <Filter>Internal Header Files</Filter>
    </ClInclude>
    <ClInclude Include="..\ceres-solver\include\ceres\autodiff_cost_function.h">
      <Filter>Header Files</Filter>
    </ClInclude>
    <ClInclude Include="..\ceres-solver\include\ceres\autodiff_local_parameterization.h">
      <Filter>Header Files</Filter>
    </ClInclude>
    <ClInclude Include="..\ceres-solver\include\ceres\c_api.h">
      <Filter>Header Files</Filter>
    </ClInclude>
    <ClInclude Include="..\ceres-solver\include\ceres\ceres.h">
      <Filter>Header Files</Filter>
    </ClInclude>
    <ClInclude Include="..\ceres-solver\include\ceres\conditioned_cost_function.h">
      <Filter>Header Files</Filter>
    </ClInclude>
    <ClInclude Include="..\ceres-solver\include\ceres\cost_function.h">
      <Filter>Header Files</Filter>
    </ClInclude>
    <ClInclude Include="..\ceres-solver\include\ceres\cost_function_to_functor.h">
      <Filter>Header Files</Filter>
    </ClInclude>
    <ClInclude Include="..\ceres-solver\include\ceres\covariance.h">
      <Filter>Header Files</Filter>
    </ClInclude>
    <ClInclude Include="..\ceres-solver\include\ceres\crs_matrix.h">
      <Filter>Header Files</Filter>
    </ClInclude>
    <ClInclude Include="..\ceres-solver\include\ceres\cubic_interpolation.h">
      <Filter>Header Files</Filter>
    </ClInclude>
    <ClInclude Include="..\ceres-solver\include\ceres\dynamic_autodiff_cost_function.h">
      <Filter>Header Files</Filter>
    </ClInclude>
    <ClInclude Include="..\ceres-solver\include\ceres\dynamic_cost_function_to_functor.h">
      <Filter>Header Files</Filter>
    </ClInclude>
    <ClInclude Include="..\ceres-solver\include\ceres\dynamic_numeric_diff_cost_function.h">
      <Filter>Header Files</Filter>
    </ClInclude>
    <ClInclude Include="..\ceres-solver\include\ceres\fpclassify.h">
      <Filter>Header Files</Filter>
    </ClInclude>
    <ClInclude Include="..\ceres-solver\include\ceres\gradient_checker.h">
      <Filter>Header Files</Filter>
    </ClInclude>
    <ClInclude Include="..\ceres-solver\include\ceres\gradient_problem.h">
      <Filter>Header Files</Filter>
    </ClInclude>
    <ClInclude Include="..\ceres-solver\include\ceres\gradient_problem_solver.h">
      <Filter>Header Files</Filter>
    </ClInclude>
    <ClInclude Include="..\ceres-solver\include\ceres\iteration_callback.h">
      <Filter>Header Files</Filter>
    </ClInclude>
    <ClInclude Include="..\ceres-solver\include\ceres\jet.h">
      <Filter>Header Files</Filter>
    </ClInclude>
    <ClInclude Include="..\ceres-solver\include\ceres\local_parameterization.h">
      <Filter>Header Files</Filter>
    </ClInclude>
    <ClInclude Include="..\ceres-solver\include\ceres\loss_function.h">
      <Filter>Header Files</Filter>
    </ClInclude>
    <ClInclude Include="..\ceres-solver\include\ceres\normal_prior.h">
      <Filter>Header Files</Filter>
    </ClInclude>
    <ClInclude Include="..\ceres-solver\include\ceres\numeric_diff_cost_function.h">
      <Filter>Header Files</Filter>
    </ClInclude>
    <ClInclude Include="..\ceres-solver\include\ceres\numeric_diff_options.h">
      <Filter>Header Files</Filter>
    </ClInclude>
    <ClInclude Include="..\ceres-solver\include\ceres\ordered_groups.h">
      <Filter>Header Files</Filter>
    </ClInclude>
    <ClInclude Include="..\ceres-solver\include\ceres\problem.h">
      <Filter>Header Files</Filter>
    </ClInclude>
    <ClInclude Include="..\ceres-solver\include\ceres\rotation.h">
      <Filter>Header Files</Filter>
    </ClInclude>
    <ClInclude Include="..\ceres-solver\include\ceres\sized_cost_function.h">
      <Filter>Header Files</Filter>
    </ClInclude>
    <ClInclude Include="..\ceres-solver\include\ceres\solver.h">
      <Filter>Header Files</Filter>
    </ClInclude>
    <ClInclude Include="..\ceres-solver\include\ceres\types.h">
      <Filter>Header Files</Filter>
    </ClInclude>
    <ClInclude Include="..\ceres-solver\include\ceres\version.h">
      <Filter>Header Files</Filter>
    </ClInclude>
    <ClInclude Include="..\ceres-solver\include\ceres\internal\autodiff.h">
      <Filter>Header Files\internal</Filter>
    </ClInclude>
    <ClInclude Include="..\ceres-solver\include\ceres\internal\disable_warnings.h">
      <Filter>Header Files\internal</Filter>
    </ClInclude>
    <ClInclude Include="..\ceres-solver\include\ceres\internal\eigen.h">
      <Filter>Header Files\internal</Filter>
    </ClInclude>
    <ClInclude Include="..\ceres-solver\include\ceres\internal\fixed_array.h">
      <Filter>Header Files\internal</Filter>
    </ClInclude>
    <ClInclude Include="..\ceres-solver\include\ceres\internal\macros.h">
      <Filter>Header Files\internal</Filter>
    </ClInclude>
    <ClInclude Include="..\ceres-solver\include\ceres\internal\manual_constructor.h">
      <Filter>Header Files\internal</Filter>
    </ClInclude>
    <ClInclude Include="..\ceres-solver\include\ceres\internal\numeric_diff.h">
      <Filter>Header Files\internal</Filter>
    </ClInclude>
    <ClInclude Include="..\ceres-solver\include\ceres\internal\port.h">
      <Filter>Header Files\internal</Filter>
    </ClInclude>
    <ClInclude Include="..\ceres-solver\include\ceres\internal\reenable_warnings.h">
      <Filter>Header Files\internal</Filter>
    </ClInclude>
    <ClInclude Include="..\ceres-solver\include\ceres\internal\scoped_ptr.h">
      <Filter>Header Files\internal</Filter>
    </ClInclude>
    <ClInclude Include="..\ceres-solver\include\ceres\internal\variadic_evaluate.h">
      <Filter>Header Files\internal</Filter>
    </ClInclude>
    <ClInclude Include="..\ceres-solver\include\ceres\dynamic_cost_function.h">
      <Filter>Header Files</Filter>
    </ClInclude>
    <ClInclude Include="..\ceres-solver\internal\ceres\is_close.h">
      <Filter>Internal Header Files</Filter>
    </ClInclude>
    <ClInclude Include="..\ceres-solver\internal\ceres\trust_region_step_evaluator.h">
      <Filter>Internal Header Files</Filter>
    </ClInclude>
  </ItemGroup>
</Project>